
Microsoft Visual Studio Solution File, Format Version 12.00
# Visual Studio Version 17
VisualStudioVersion = 17.4.33213.308
MinimumVisualStudioVersion = 10.0.40219.1
Project("{FAE04EC0-301F-11D3-BF4B-00C04F79EFBC}") = "Docufy", "Docufy\Docufy.csproj", "{BB84DBBE-204F-4A8A-BB27-E61DEBCD4612}"
EndProject
Global
	GlobalSection(SolutionConfigurationPlatforms) = preSolution
		Debug|Any CPU = Debug|Any CPU
		Release|Any CPU = Release|Any CPU
	EndGlobalSection
	GlobalSection(ProjectConfigurationPlatforms) = postSolution
		{BB84DBBE-204F-4A8A-BB27-E61DEBCD4612}.Debug|Any CPU.ActiveCfg = Debug|Any CPU
		{BB84DBBE-204F-4A8A-BB27-E61DEBCD4612}.Debug|Any CPU.Build.0 = Debug|Any CPU
		{BB84DBBE-204F-4A8A-BB27-E61DEBCD4612}.Release|Any CPU.ActiveCfg = Release|Any CPU
		{BB84DBBE-204F-4A8A-BB27-E61DEBCD4612}.Release|Any CPU.Build.0 = Release|Any CPU
	EndGlobalSection
	GlobalSection(SolutionProperties) = preSolution
		HideSolutionNode = FALSE
	EndGlobalSection
	GlobalSection(ExtensibilityGlobals) = postSolution
		SolutionGuid = {F9B5D984-1A1F-4AF4-8283-6CEF9DF20A76}
	EndGlobalSection
EndGlobal
